
Microsoft Visual Studio Solution File, Format Version 12.00
# Visual Studio Version 16
VisualStudioVersion = 16.0.28803.352
MinimumVisualStudioVersion = 10.0.40219.1
Project("{8BC9CEB8-8B4A-11D0-8D11-00A0C91BC942}") = "dvisvgm", "dvisvgm.vcxproj", "{86046918-771F-4654-AFC5-AF4F8AC974EF}"
	ProjectSection(ProjectDependencies) = postProject
		{98D8E34D-75B4-48B6-B175-C3A7DF11E52C} = {98D8E34D-75B4-48B6-B175-C3A7DF11E52C}
		{2EA12A93-B90E-3F75-8D67-6B51F83A4298} = {2EA12A93-B90E-3F75-8D67-6B51F83A4298}
		{B3A84395-D889-4419-B313-B410350727FA} = {B3A84395-D889-4419-B313-B410350727FA}
		{C72BB6A5-318E-4D3F-8714-786094E2C6EB} = {C72BB6A5-318E-4D3F-8714-786094E2C6EB}
		{78B079BD-9FC7-4B9E-B4A6-96DA0F00248B} = {78B079BD-9FC7-4B9E-B4A6-96DA0F00248B}
		{F296E0C2-0D37-44CD-961D-87681418683F} = {F296E0C2-0D37-44CD-961D-87681418683F}
		{52C2C7C6-3BCE-4434-9A02-EA920C15FB65} = {52C2C7C6-3BCE-4434-9A02-EA920C15FB65}
		{01089EEA-D32A-4A70-BDD4-221791380931} = {01089EEA-D32A-4A70-BDD4-221791380931}
		{E22874EE-D0EE-4AAC-A7A5-7795917203F7} = {E22874EE-D0EE-4AAC-A7A5-7795917203F7}
		{6F17FBF1-4304-4AF2-81A8-C78787E8D0A5} = {6F17FBF1-4304-4AF2-81A8-C78787E8D0A5}
	EndProjectSection
EndProject
Project("{8BC9CEB8-8B4A-11D0-8D11-00A0C91BC942}") = "clipper", "clipper\clipper.vcxproj", "{98D8E34D-75B4-48B6-B175-C3A7DF11E52C}"
EndProject
Project("{8BC9CEB8-8B4A-11D0-8D11-00A0C91BC942}") = "zlib", "zlib\zlib.vcxproj", "{F296E0C2-0D37-44CD-961D-87681418683F}"
EndProject
Project("{8BC9CEB8-8B4A-11D0-8D11-00A0C91BC942}") = "freetype", "freetype\freetype.vcxproj", "{78B079BD-9FC7-4B9E-B4A6-96DA0F00248B}"
EndProject
Project("{8BC9CEB8-8B4A-11D0-8D11-00A0C91BC942}") = "libpotrace", "potrace\libpotrace.vcxproj", "{6F17FBF1-4304-4AF2-81A8-C78787E8D0A5}"
EndProject
Project("{8BC9CEB8-8B4A-11D0-8D11-00A0C91BC942}") = "xxhash", "xxHash\xxhash.vcxproj", "{B3A84395-D889-4419-B313-B410350727FA}"
EndProject
Project("{8BC9CEB8-8B4A-11D0-8D11-00A0C91BC942}") = "fontforge", "fontforge\ff-woff.vcxproj", "{2EA12A93-B90E-3F75-8D67-6B51F83A4298}"
	ProjectSection(ProjectDependencies) = postProject
		{F296E0C2-0D37-44CD-961D-87681418683F} = {F296E0C2-0D37-44CD-961D-87681418683F}
	EndProjectSection
EndProject
Project("{8BC9CEB8-8B4A-11D0-8D11-00A0C91BC942}") = "brotli", "brotli\brotli.vcxproj", "{C72BB6A5-318E-4D3F-8714-786094E2C6EB}"
EndProject
Project("{8BC9CEB8-8B4A-11D0-8D11-00A0C91BC942}") = "woff2", "woff2\woff2.vcxproj", "{52C2C7C6-3BCE-4434-9A02-EA920C15FB65}"
	ProjectSection(ProjectDependencies) = postProject
		{C72BB6A5-318E-4D3F-8714-786094E2C6EB} = {C72BB6A5-318E-4D3F-8714-786094E2C6EB}
	EndProjectSection
EndProject
Project("{8BC9CEB8-8B4A-11D0-8D11-00A0C91BC942}") = "md5", "md5\md5.vcxproj", "{01089EEA-D32A-4A70-BDD4-221791380931}"
EndProject
Project("{8BC9CEB8-8B4A-11D0-8D11-00A0C91BC942}") = "miktex-com", "miktex-com\miktex-com.vcxproj", "{E22874EE-D0EE-4AAC-A7A5-7795917203F7}"
EndProject
Global
	GlobalSection(SolutionConfigurationPlatforms) = preSolution
		Debug|Win32 = Debug|Win32
		Debug|x64 = Debug|x64
		Release|Win32 = Release|Win32
		Release|x64 = Release|x64
	EndGlobalSection
	GlobalSection(ProjectConfigurationPlatforms) = postSolution
		{86046918-771F-4654-AFC5-AF4F8AC974EF}.Debug|Win32.ActiveCfg = Debug|Win32
		{86046918-771F-4654-AFC5-AF4F8AC974EF}.Debug|Win32.Build.0 = Debug|Win32
		{86046918-771F-4654-AFC5-AF4F8AC974EF}.Debug|x64.ActiveCfg = Debug|x64
		{86046918-771F-4654-AFC5-AF4F8AC974EF}.Debug|x64.Build.0 = Debug|x64
		{86046918-771F-4654-AFC5-AF4F8AC974EF}.Release|Win32.ActiveCfg = Release|Win32
		{86046918-771F-4654-AFC5-AF4F8AC974EF}.Release|Win32.Build.0 = Release|Win32
		{86046918-771F-4654-AFC5-AF4F8AC974EF}.Release|x64.ActiveCfg = Release|x64
		{86046918-771F-4654-AFC5-AF4F8AC974EF}.Release|x64.Build.0 = Release|x64
		{98D8E34D-75B4-48B6-B175-C3A7DF11E52C}.Debug|Win32.ActiveCfg = Debug|Win32
		{98D8E34D-75B4-48B6-B175-C3A7DF11E52C}.Debug|Win32.Build.0 = Debug|Win32
		{98D8E34D-75B4-48B6-B175-C3A7DF11E52C}.Debug|x64.ActiveCfg = Debug|x64
		{98D8E34D-75B4-48B6-B175-C3A7DF11E52C}.Debug|x64.Build.0 = Debug|x64
		{98D8E34D-75B4-48B6-B175-C3A7DF11E52C}.Release|Win32.ActiveCfg = Release|Win32
		{98D8E34D-75B4-48B6-B175-C3A7DF11E52C}.Release|Win32.Build.0 = Release|Win32
		{98D8E34D-75B4-48B6-B175-C3A7DF11E52C}.Release|x64.ActiveCfg = Release|x64
		{98D8E34D-75B4-48B6-B175-C3A7DF11E52C}.Release|x64.Build.0 = Release|x64
		{F296E0C2-0D37-44CD-961D-87681418683F}.Debug|Win32.ActiveCfg = Debug|Win32
		{F296E0C2-0D37-44CD-961D-87681418683F}.Debug|Win32.Build.0 = Debug|Win32
		{F296E0C2-0D37-44CD-961D-87681418683F}.Debug|x64.ActiveCfg = Debug|x64
		{F296E0C2-0D37-44CD-961D-87681418683F}.Debug|x64.Build.0 = Debug|x64
		{F296E0C2-0D37-44CD-961D-87681418683F}.Release|Win32.ActiveCfg = Release|Win32
		{F296E0C2-0D37-44CD-961D-87681418683F}.Release|Win32.Build.0 = Release|Win32
		{F296E0C2-0D37-44CD-961D-87681418683F}.Release|x64.ActiveCfg = Release|x64
		{F296E0C2-0D37-44CD-961D-87681418683F}.Release|x64.Build.0 = Release|x64
		{78B079BD-9FC7-4B9E-B4A6-96DA0F00248B}.Debug|Win32.ActiveCfg = Debug|Win32
		{78B079BD-9FC7-4B9E-B4A6-96DA0F00248B}.Debug|Win32.Build.0 = Debug|Win32
		{78B079BD-9FC7-4B9E-B4A6-96DA0F00248B}.Debug|x64.ActiveCfg = Debug|x64
		{78B079BD-9FC7-4B9E-B4A6-96DA0F00248B}.Debug|x64.Build.0 = Debug|x64
		{78B079BD-9FC7-4B9E-B4A6-96DA0F00248B}.Release|Win32.ActiveCfg = Release|Win32
		{78B079BD-9FC7-4B9E-B4A6-96DA0F00248B}.Release|Win32.Build.0 = Release|Win32
		{78B079BD-9FC7-4B9E-B4A6-96DA0F00248B}.Release|x64.ActiveCfg = Release|x64
		{78B079BD-9FC7-4B9E-B4A6-96DA0F00248B}.Release|x64.Build.0 = Release|x64
		{6F17FBF1-4304-4AF2-81A8-C78787E8D0A5}.Debug|Win32.ActiveCfg = Debug|Win32
		{6F17FBF1-4304-4AF2-81A8-C78787E8D0A5}.Debug|Win32.Build.0 = Debug|Win32
		{6F17FBF1-4304-4AF2-81A8-C78787E8D0A5}.Debug|x64.ActiveCfg = Debug|x64
		{6F17FBF1-4304-4AF2-81A8-C78787E8D0A5}.Debug|x64.Build.0 = Debug|x64
		{6F17FBF1-4304-4AF2-81A8-C78787E8D0A5}.Release|Win32.ActiveCfg = Release|Win32
		{6F17FBF1-4304-4AF2-81A8-C78787E8D0A5}.Release|Win32.Build.0 = Release|Win32
		{6F17FBF1-4304-4AF2-81A8-C78787E8D0A5}.Release|x64.ActiveCfg = Release|x64
		{6F17FBF1-4304-4AF2-81A8-C78787E8D0A5}.Release|x64.Build.0 = Release|x64
		{B3A84395-D889-4419-B313-B410350727FA}.Debug|Win32.ActiveCfg = Debug|Win32
		{B3A84395-D889-4419-B313-B410350727FA}.Debug|Win32.Build.0 = Debug|Win32
		{B3A84395-D889-4419-B313-B410350727FA}.Debug|x64.ActiveCfg = Debug|x64
		{B3A84395-D889-4419-B313-B410350727FA}.Debug|x64.Build.0 = Debug|x64
		{B3A84395-D889-4419-B313-B410350727FA}.Release|Win32.ActiveCfg = Release|Win32
		{B3A84395-D889-4419-B313-B410350727FA}.Release|Win32.Build.0 = Release|Win32
		{B3A84395-D889-4419-B313-B410350727FA}.Release|x64.ActiveCfg = Release|x64
		{B3A84395-D889-4419-B313-B410350727FA}.Release|x64.Build.0 = Release|x64
		{2EA12A93-B90E-3F75-8D67-6B51F83A4298}.Debug|Win32.ActiveCfg = Debug|Win32
		{2EA12A93-B90E-3F75-8D67-6B51F83A4298}.Debug|Win32.Build.0 = Debug|Win32
		{2EA12A93-B90E-3F75-8D67-6B51F83A4298}.Debug|x64.ActiveCfg = Debug|x64
		{2EA12A93-B90E-3F75-8D67-6B51F83A4298}.Debug|x64.Build.0 = Debug|x64
		{2EA12A93-B90E-3F75-8D67-6B51F83A4298}.Release|Win32.ActiveCfg = Release|Win32
		{2EA12A93-B90E-3F75-8D67-6B51F83A4298}.Release|Win32.Build.0 = Release|Win32
		{2EA12A93-B90E-3F75-8D67-6B51F83A4298}.Release|x64.ActiveCfg = Release|x64
		{2EA12A93-B90E-3F75-8D67-6B51F83A4298}.Release|x64.Build.0 = Release|x64
		{C72BB6A5-318E-4D3F-8714-786094E2C6EB}.Debug|Win32.ActiveCfg = Debug|Win32
		{C72BB6A5-318E-4D3F-8714-786094E2C6EB}.Debug|Win32.Build.0 = Debug|Win32
		{C72BB6A5-318E-4D3F-8714-786094E2C6EB}.Debug|x64.ActiveCfg = Debug|x64
		{C72BB6A5-318E-4D3F-8714-786094E2C6EB}.Debug|x64.Build.0 = Debug|x64
		{C72BB6A5-318E-4D3F-8714-786094E2C6EB}.Release|Win32.ActiveCfg = Release|Win32
		{C72BB6A5-318E-4D3F-8714-786094E2C6EB}.Release|Win32.Build.0 = Release|Win32
		{C72BB6A5-318E-4D3F-8714-786094E2C6EB}.Release|x64.ActiveCfg = Release|x64
		{C72BB6A5-318E-4D3F-8714-786094E2C6EB}.Release|x64.Build.0 = Release|x64
		{52C2C7C6-3BCE-4434-9A02-EA920C15FB65}.Debug|Win32.ActiveCfg = Debug|Win32
		{52C2C7C6-3BCE-4434-9A02-EA920C15FB65}.Debug|Win32.Build.0 = Debug|Win32
		{52C2C7C6-3BCE-4434-9A02-EA920C15FB65}.Debug|x64.ActiveCfg = Debug|x64
		{52C2C7C6-3BCE-4434-9A02-EA920C15FB65}.Debug|x64.Build.0 = Debug|x64
		{52C2C7C6-3BCE-4434-9A02-EA920C15FB65}.Release|Win32.ActiveCfg = Release|Win32
		{52C2C7C6-3BCE-4434-9A02-EA920C15FB65}.Release|Win32.Build.0 = Release|Win32
		{52C2C7C6-3BCE-4434-9A02-EA920C15FB65}.Release|x64.ActiveCfg = Release|x64
		{52C2C7C6-3BCE-4434-9A02-EA920C15FB65}.Release|x64.Build.0 = Release|x64
		{01089EEA-D32A-4A70-BDD4-221791380931}.Debug|Win32.ActiveCfg = Debug|Win32
		{01089EEA-D32A-4A70-BDD4-221791380931}.Debug|Win32.Build.0 = Debug|Win32
		{01089EEA-D32A-4A70-BDD4-221791380931}.Debug|x64.ActiveCfg = Debug|x64
		{01089EEA-D32A-4A70-BDD4-221791380931}.Debug|x64.Build.0 = Debug|x64
		{01089EEA-D32A-4A70-BDD4-221791380931}.Release|Win32.ActiveCfg = Release|Win32
		{01089EEA-D32A-4A70-BDD4-221791380931}.Release|Win32.Build.0 = Release|Win32
		{01089EEA-D32A-4A70-BDD4-221791380931}.Release|x64.ActiveCfg = Release|x64
		{01089EEA-D32A-4A70-BDD4-221791380931}.Release|x64.Build.0 = Release|x64
		{E22874EE-D0EE-4AAC-A7A5-7795917203F7}.Debug|Win32.ActiveCfg = Debug|Win32
		{E22874EE-D0EE-4AAC-A7A5-7795917203F7}.Debug|Win32.Build.0 = Debug|Win32
		{E22874EE-D0EE-4AAC-A7A5-7795917203F7}.Debug|x64.ActiveCfg = Debug|x64
		{E22874EE-D0EE-4AAC-A7A5-7795917203F7}.Debug|x64.Build.0 = Debug|x64
		{E22874EE-D0EE-4AAC-A7A5-7795917203F7}.Release|Win32.ActiveCfg = Release|Win32
		{E22874EE-D0EE-4AAC-A7A5-7795917203F7}.Release|Win32.Build.0 = Release|Win32
		{E22874EE-D0EE-4AAC-A7A5-7795917203F7}.Release|x64.ActiveCfg = Release|x64
		{E22874EE-D0EE-4AAC-A7A5-7795917203F7}.Release|x64.Build.0 = Release|x64
	EndGlobalSection
	GlobalSection(SolutionProperties) = preSolution
		HideSolutionNode = FALSE
	EndGlobalSection
	GlobalSection(ExtensibilityGlobals) = postSolution
		SolutionGuid = {F0FB4CFF-187B-4705-9CC6-8E25FB2EF3B3}
	EndGlobalSection
EndGlobal
