<?xml version="1.0" encoding="utf-8"?>
<Project ToolsVersion="4.0" xmlns="http://schemas.microsoft.com/developer/msbuild/2003">
  <ItemGroup>
    <Filter Include="Quelldateien">
      <UniqueIdentifier>{4FC737F1-C7A5-4376-A066-2A32D752A2FF}</UniqueIdentifier>
      <Extensions>cpp;c;cc;cxx;def;odl;idl;hpj;bat;asm;asmx</Extensions>
    </Filter>
    <Filter Include="Headerdateien">
      <UniqueIdentifier>{93995380-89BD-4b04-88EB-625FBE52EBFB}</UniqueIdentifier>
      <Extensions>h;hh;hpp;hxx;hm;inl;inc;xsd</Extensions>
    </Filter>
    <Filter Include="Ressourcendateien">
      <UniqueIdentifier>{67DA6AB6-F800-4c08-8B7A-83BB121AAD01}</UniqueIdentifier>
      <Extensions>rc;ico;cur;bmp;dlg;rc2;rct;bin;rgs;gif;jpg;jpeg;jpe;resx;tiff;tif;png;wav;mfcribbon-ms</Extensions>
    </Filter>
  </ItemGroup>
  <ItemGroup>
    <ClCompile Include="..\..\libs\woff2\brotli\enc\backward_references.cc">
      <Filter>Quelldateien</Filter>
    </ClCompile>
    <ClCompile Include="..\..\libs\woff2\brotli\enc\block_splitter.cc">
      <Filter>Quelldateien</Filter>
    </ClCompile>
    <ClCompile Include="..\..\libs\woff2\brotli\enc\brotli_bit_stream.cc">
      <Filter>Quelldateien</Filter>
    </ClCompile>
    <ClCompile Include="..\..\libs\woff2\brotli\enc\compress_fragment.cc">
      <Filter>Quelldateien</Filter>
    </ClCompile>
    <ClCompile Include="..\..\libs\woff2\brotli\enc\compress_fragment_two_pass.cc">
      <Filter>Quelldateien</Filter>
    </ClCompile>
    <ClCompile Include="..\..\libs\woff2\brotli\enc\dictionary.cc">
      <Filter>Quelldateien</Filter>
    </ClCompile>
    <ClCompile Include="..\..\libs\woff2\brotli\enc\encode.cc">
      <Filter>Quelldateien</Filter>
    </ClCompile>
    <ClCompile Include="..\..\libs\woff2\brotli\enc\encode_parallel.cc">
      <Filter>Quelldateien</Filter>
    </ClCompile>
    <ClCompile Include="..\..\libs\woff2\brotli\enc\entropy_encode.cc">
      <Filter>Quelldateien</Filter>
    </ClCompile>
    <ClCompile Include="..\..\libs\woff2\brotli\enc\histogram.cc">
      <Filter>Quelldateien</Filter>
    </ClCompile>
    <ClCompile Include="..\..\libs\woff2\brotli\enc\literal_cost.cc">
      <Filter>Quelldateien</Filter>
    </ClCompile>
    <ClCompile Include="..\..\libs\woff2\brotli\enc\metablock.cc">
      <Filter>Quelldateien</Filter>
    </ClCompile>
    <ClCompile Include="..\..\libs\woff2\brotli\enc\static_dict.cc">
      <Filter>Quelldateien</Filter>
    </ClCompile>
    <ClCompile Include="..\..\libs\woff2\brotli\enc\streams.cc">
      <Filter>Quelldateien</Filter>
    </ClCompile>
    <ClCompile Include="..\..\libs\woff2\brotli\enc\utf8_util.cc">
      <Filter>Quelldateien</Filter>
    </ClCompile>
  </ItemGroup>
  <ItemGroup>
    <ClInclude Include="..\..\libs\woff2\brotli\enc\backward_references.h">
      <Filter>Headerdateien</Filter>
    </ClInclude>
    <ClInclude Include="..\..\libs\woff2\brotli\enc\bit_cost.h">
      <Filter>Headerdateien</Filter>
    </ClInclude>
    <ClInclude Include="..\..\libs\woff2\brotli\enc\block_splitter.h">
      <Filter>Headerdateien</Filter>
    </ClInclude>
    <ClInclude Include="..\..\libs\woff2\brotli\enc\brotli_bit_stream.h">
      <Filter>Headerdateien</Filter>
    </ClInclude>
    <ClInclude Include="..\..\libs\woff2\brotli\enc\cluster.h">
      <Filter>Headerdateien</Filter>
    </ClInclude>
    <ClInclude Include="..\..\libs\woff2\brotli\enc\command.h">
      <Filter>Headerdateien</Filter>
    </ClInclude>
    <ClInclude Include="..\..\libs\woff2\brotli\enc\compress_fragment.h">
      <Filter>Headerdateien</Filter>
    </ClInclude>
    <ClInclude Include="..\..\libs\woff2\brotli\enc\compress_fragment_two_pass.h">
      <Filter>Headerdateien</Filter>
    </ClInclude>
    <ClInclude Include="..\..\libs\woff2\brotli\enc\compressor.h">
      <Filter>Headerdateien</Filter>
    </ClInclude>
    <ClInclude Include="..\..\libs\woff2\brotli\enc\context.h">
      <Filter>Headerdateien</Filter>
    </ClInclude>
    <ClInclude Include="..\..\libs\woff2\brotli\enc\dictionary.h">
      <Filter>Headerdateien</Filter>
    </ClInclude>
    <ClInclude Include="..\..\libs\woff2\brotli\enc\dictionary_hash.h">
      <Filter>Headerdateien</Filter>
    </ClInclude>
    <ClInclude Include="..\..\libs\woff2\brotli\enc\encode.h">
      <Filter>Headerdateien</Filter>
    </ClInclude>
    <ClInclude Include="..\..\libs\woff2\brotli\enc\encode_parallel.h">
      <Filter>Headerdateien</Filter>
    </ClInclude>
    <ClInclude Include="..\..\libs\woff2\brotli\enc\entropy_encode.h">
      <Filter>Headerdateien</Filter>
    </ClInclude>
    <ClInclude Include="..\..\libs\woff2\brotli\enc\entropy_encode_static.h">
      <Filter>Headerdateien</Filter>
    </ClInclude>
    <ClInclude Include="..\..\libs\woff2\brotli\enc\fast_log.h">
      <Filter>Headerdateien</Filter>
    </ClInclude>
    <ClInclude Include="..\..\libs\woff2\brotli\enc\find_match_length.h">
      <Filter>Headerdateien</Filter>
    </ClInclude>
    <ClInclude Include="..\..\libs\woff2\brotli\enc\hash.h">
      <Filter>Headerdateien</Filter>
    </ClInclude>
    <ClInclude Include="..\..\libs\woff2\brotli\enc\histogram.h">
      <Filter>Headerdateien</Filter>
    </ClInclude>
    <ClInclude Include="..\..\libs\woff2\brotli\enc\literal_cost.h">
      <Filter>Headerdateien</Filter>
    </ClInclude>
    <ClInclude Include="..\..\libs\woff2\brotli\enc\metablock.h">
      <Filter>Headerdateien</Filter>
    </ClInclude>
    <ClInclude Include="..\..\libs\woff2\brotli\enc\port.h">
      <Filter>Headerdateien</Filter>
    </ClInclude>
    <ClInclude Include="..\..\libs\woff2\brotli\enc\prefix.h">
      <Filter>Headerdateien</Filter>
    </ClInclude>
    <ClInclude Include="..\..\libs\woff2\brotli\enc\ringbuffer.h">
      <Filter>Headerdateien</Filter>
    </ClInclude>
    <ClInclude Include="..\..\libs\woff2\brotli\enc\static_dict.h">
      <Filter>Headerdateien</Filter>
    </ClInclude>
    <ClInclude Include="..\..\libs\woff2\brotli\enc\static_dict_lut.h">
      <Filter>Headerdateien</Filter>
    </ClInclude>
    <ClInclude Include="..\..\libs\woff2\brotli\enc\streams.h">
      <Filter>Headerdateien</Filter>
    </ClInclude>
    <ClInclude Include="..\..\libs\woff2\brotli\enc\transform.h">
      <Filter>Headerdateien</Filter>
    </ClInclude>
    <ClInclude Include="..\..\libs\woff2\brotli\enc\types.h">
      <Filter>Headerdateien</Filter>
    </ClInclude>
    <ClInclude Include="..\..\libs\woff2\brotli\enc\utf8_util.h">
      <Filter>Headerdateien</Filter>
    </ClInclude>
    <ClInclude Include="..\..\libs\woff2\brotli\enc\write_bits.h">
      <Filter>Headerdateien</Filter>
    </ClInclude>
  </ItemGroup>
</Project>