
Microsoft Visual Studio Solution File, Format Version 9.00
# Visual Studio 2005
Project("{8BC9CEB8-8B4A-11D0-8D11-00A0C91BC942}") = "dvisvgm", "dvisvgm.vcproj", "{86046918-771F-4654-AFC5-AF4F8AC974EF}"
	ProjectSection(ProjectDependencies) = postProject
		{745DEC58-EBB3-47A9-A9B8-4C6627C01BF8} = {745DEC58-EBB3-47A9-A9B8-4C6627C01BF8}
		{89C9CC61-F62F-4E2D-B718-BEB6D84ABAB2} = {89C9CC61-F62F-4E2D-B718-BEB6D84ABAB2}
		{78B079BD-9FC7-4B9E-B4A6-96DA0F00248B} = {78B079BD-9FC7-4B9E-B4A6-96DA0F00248B}
	EndProjectSection
EndProject
Project("{8BC9CEB8-8B4A-11D0-8D11-00A0C91BC942}") = "zlibstat", "..\libs\zlib-1.2.3\contrib\vstudio\vc8\zlibstat.vcproj", "{745DEC58-EBB3-47A9-A9B8-4C6627C01BF8}"
EndProject
Project("{8BC9CEB8-8B4A-11D0-8D11-00A0C91BC942}") = "potrace", "..\libs\potrace-1.7\potrace.vcproj", "{89C9CC61-F62F-4E2D-B718-BEB6D84ABAB2}"
EndProject
Project("{8BC9CEB8-8B4A-11D0-8D11-00A0C91BC942}") = "freetype", "..\libs\freetype-2.2.1\builds\win32\visualc\freetype.vcproj", "{78B079BD-9FC7-4B9E-B4A6-96DA0F00248B}"
EndProject
Global
	GlobalSection(SolutionConfigurationPlatforms) = preSolution
		Debug Multithreaded|Win32 = Debug Multithreaded|Win32
		Debug Singlethreaded|Win32 = Debug Singlethreaded|Win32
		Debug|Win32 = Debug|Win32
		DLL ASM Debug|Win32 = DLL ASM Debug|Win32
		DLL ASM Release|Win32 = DLL ASM Release|Win32
		DLL Debug|Win32 = DLL Debug|Win32
		DLL Release|Win32 = DLL Release|Win32
		LIB ASM Debug|Win32 = LIB ASM Debug|Win32
		LIB ASM Release|Win32 = LIB ASM Release|Win32
		LIB Debug|Win32 = LIB Debug|Win32
		LIB Release|Win32 = LIB Release|Win32
		Release Multithreaded|Win32 = Release Multithreaded|Win32
		Release Singlethreaded|Win32 = Release Singlethreaded|Win32
		Release|Win32 = Release|Win32
		ReleaseWithoutAsm|Win32 = ReleaseWithoutAsm|Win32
	EndGlobalSection
	GlobalSection(ProjectConfigurationPlatforms) = postSolution
		{86046918-771F-4654-AFC5-AF4F8AC974EF}.Debug Multithreaded|Win32.ActiveCfg = Debug|Win32
		{86046918-771F-4654-AFC5-AF4F8AC974EF}.Debug Multithreaded|Win32.Build.0 = Debug|Win32
		{86046918-771F-4654-AFC5-AF4F8AC974EF}.Debug Singlethreaded|Win32.ActiveCfg = Debug|Win32
		{86046918-771F-4654-AFC5-AF4F8AC974EF}.Debug Singlethreaded|Win32.Build.0 = Debug|Win32
		{86046918-771F-4654-AFC5-AF4F8AC974EF}.Debug|Win32.ActiveCfg = Release|Win32
		{86046918-771F-4654-AFC5-AF4F8AC974EF}.Debug|Win32.Build.0 = Release|Win32
		{86046918-771F-4654-AFC5-AF4F8AC974EF}.DLL ASM Debug|Win32.ActiveCfg = Debug|Win32
		{86046918-771F-4654-AFC5-AF4F8AC974EF}.DLL ASM Debug|Win32.Build.0 = Debug|Win32
		{86046918-771F-4654-AFC5-AF4F8AC974EF}.DLL ASM Release|Win32.ActiveCfg = Release|Win32
		{86046918-771F-4654-AFC5-AF4F8AC974EF}.DLL ASM Release|Win32.Build.0 = Release|Win32
		{86046918-771F-4654-AFC5-AF4F8AC974EF}.DLL Debug|Win32.ActiveCfg = Debug|Win32
		{86046918-771F-4654-AFC5-AF4F8AC974EF}.DLL Debug|Win32.Build.0 = Debug|Win32
		{86046918-771F-4654-AFC5-AF4F8AC974EF}.DLL Release|Win32.ActiveCfg = Release|Win32
		{86046918-771F-4654-AFC5-AF4F8AC974EF}.DLL Release|Win32.Build.0 = Release|Win32
		{86046918-771F-4654-AFC5-AF4F8AC974EF}.LIB ASM Debug|Win32.ActiveCfg = Debug|Win32
		{86046918-771F-4654-AFC5-AF4F8AC974EF}.LIB ASM Debug|Win32.Build.0 = Debug|Win32
		{86046918-771F-4654-AFC5-AF4F8AC974EF}.LIB ASM Release|Win32.ActiveCfg = Release|Win32
		{86046918-771F-4654-AFC5-AF4F8AC974EF}.LIB ASM Release|Win32.Build.0 = Release|Win32
		{86046918-771F-4654-AFC5-AF4F8AC974EF}.LIB Debug|Win32.ActiveCfg = Debug|Win32
		{86046918-771F-4654-AFC5-AF4F8AC974EF}.LIB Debug|Win32.Build.0 = Debug|Win32
		{86046918-771F-4654-AFC5-AF4F8AC974EF}.LIB Release|Win32.ActiveCfg = Debug|Win32
		{86046918-771F-4654-AFC5-AF4F8AC974EF}.LIB Release|Win32.Build.0 = Debug|Win32
		{86046918-771F-4654-AFC5-AF4F8AC974EF}.Release Multithreaded|Win32.ActiveCfg = Release|Win32
		{86046918-771F-4654-AFC5-AF4F8AC974EF}.Release Multithreaded|Win32.Build.0 = Release|Win32
		{86046918-771F-4654-AFC5-AF4F8AC974EF}.Release Singlethreaded|Win32.ActiveCfg = Release|Win32
		{86046918-771F-4654-AFC5-AF4F8AC974EF}.Release Singlethreaded|Win32.Build.0 = Release|Win32
		{86046918-771F-4654-AFC5-AF4F8AC974EF}.Release|Win32.ActiveCfg = Release|Win32
		{86046918-771F-4654-AFC5-AF4F8AC974EF}.Release|Win32.Build.0 = Release|Win32
		{86046918-771F-4654-AFC5-AF4F8AC974EF}.ReleaseWithoutAsm|Win32.ActiveCfg = Release|Win32
		{86046918-771F-4654-AFC5-AF4F8AC974EF}.ReleaseWithoutAsm|Win32.Build.0 = Release|Win32
		{745DEC58-EBB3-47A9-A9B8-4C6627C01BF8}.Debug Multithreaded|Win32.ActiveCfg = Debug|Win32
		{745DEC58-EBB3-47A9-A9B8-4C6627C01BF8}.Debug Multithreaded|Win32.Build.0 = Debug|Win32
		{745DEC58-EBB3-47A9-A9B8-4C6627C01BF8}.Debug Singlethreaded|Win32.ActiveCfg = Debug|Win32
		{745DEC58-EBB3-47A9-A9B8-4C6627C01BF8}.Debug Singlethreaded|Win32.Build.0 = Debug|Win32
		{745DEC58-EBB3-47A9-A9B8-4C6627C01BF8}.Debug|Win32.ActiveCfg = Release|Win32
		{745DEC58-EBB3-47A9-A9B8-4C6627C01BF8}.Debug|Win32.Build.0 = Release|Win32
		{745DEC58-EBB3-47A9-A9B8-4C6627C01BF8}.DLL ASM Debug|Win32.ActiveCfg = Debug|Win32
		{745DEC58-EBB3-47A9-A9B8-4C6627C01BF8}.DLL ASM Debug|Win32.Build.0 = Debug|Win32
		{745DEC58-EBB3-47A9-A9B8-4C6627C01BF8}.DLL ASM Release|Win32.ActiveCfg = Release|Win32
		{745DEC58-EBB3-47A9-A9B8-4C6627C01BF8}.DLL ASM Release|Win32.Build.0 = Release|Win32
		{745DEC58-EBB3-47A9-A9B8-4C6627C01BF8}.DLL Debug|Win32.ActiveCfg = Debug|Win32
		{745DEC58-EBB3-47A9-A9B8-4C6627C01BF8}.DLL Debug|Win32.Build.0 = Debug|Win32
		{745DEC58-EBB3-47A9-A9B8-4C6627C01BF8}.DLL Release|Win32.ActiveCfg = Release|Win32
		{745DEC58-EBB3-47A9-A9B8-4C6627C01BF8}.DLL Release|Win32.Build.0 = Release|Win32
		{745DEC58-EBB3-47A9-A9B8-4C6627C01BF8}.LIB ASM Debug|Win32.ActiveCfg = Debug|Win32
		{745DEC58-EBB3-47A9-A9B8-4C6627C01BF8}.LIB ASM Debug|Win32.Build.0 = Debug|Win32
		{745DEC58-EBB3-47A9-A9B8-4C6627C01BF8}.LIB ASM Release|Win32.ActiveCfg = Release|Win32
		{745DEC58-EBB3-47A9-A9B8-4C6627C01BF8}.LIB ASM Release|Win32.Build.0 = Release|Win32
		{745DEC58-EBB3-47A9-A9B8-4C6627C01BF8}.LIB Debug|Win32.ActiveCfg = Debug|Win32
		{745DEC58-EBB3-47A9-A9B8-4C6627C01BF8}.LIB Debug|Win32.Build.0 = Debug|Win32
		{745DEC58-EBB3-47A9-A9B8-4C6627C01BF8}.LIB Release|Win32.ActiveCfg = Release|Win32
		{745DEC58-EBB3-47A9-A9B8-4C6627C01BF8}.LIB Release|Win32.Build.0 = Release|Win32
		{745DEC58-EBB3-47A9-A9B8-4C6627C01BF8}.Release Multithreaded|Win32.ActiveCfg = ReleaseWithoutAsm|Win32
		{745DEC58-EBB3-47A9-A9B8-4C6627C01BF8}.Release Multithreaded|Win32.Build.0 = ReleaseWithoutAsm|Win32
		{745DEC58-EBB3-47A9-A9B8-4C6627C01BF8}.Release Singlethreaded|Win32.ActiveCfg = ReleaseWithoutAsm|Win32
		{745DEC58-EBB3-47A9-A9B8-4C6627C01BF8}.Release Singlethreaded|Win32.Build.0 = ReleaseWithoutAsm|Win32
		{745DEC58-EBB3-47A9-A9B8-4C6627C01BF8}.Release|Win32.ActiveCfg = Release|Win32
		{745DEC58-EBB3-47A9-A9B8-4C6627C01BF8}.Release|Win32.Build.0 = Release|Win32
		{745DEC58-EBB3-47A9-A9B8-4C6627C01BF8}.ReleaseWithoutAsm|Win32.ActiveCfg = ReleaseWithoutAsm|Win32
		{745DEC58-EBB3-47A9-A9B8-4C6627C01BF8}.ReleaseWithoutAsm|Win32.Build.0 = ReleaseWithoutAsm|Win32
		{89C9CC61-F62F-4E2D-B718-BEB6D84ABAB2}.Debug Multithreaded|Win32.ActiveCfg = Debug|Win32
		{89C9CC61-F62F-4E2D-B718-BEB6D84ABAB2}.Debug Multithreaded|Win32.Build.0 = Debug|Win32
		{89C9CC61-F62F-4E2D-B718-BEB6D84ABAB2}.Debug Singlethreaded|Win32.ActiveCfg = Debug|Win32
		{89C9CC61-F62F-4E2D-B718-BEB6D84ABAB2}.Debug Singlethreaded|Win32.Build.0 = Debug|Win32
		{89C9CC61-F62F-4E2D-B718-BEB6D84ABAB2}.Debug|Win32.ActiveCfg = Release|Win32
		{89C9CC61-F62F-4E2D-B718-BEB6D84ABAB2}.Debug|Win32.Build.0 = Release|Win32
		{89C9CC61-F62F-4E2D-B718-BEB6D84ABAB2}.DLL ASM Debug|Win32.ActiveCfg = Debug|Win32
		{89C9CC61-F62F-4E2D-B718-BEB6D84ABAB2}.DLL ASM Debug|Win32.Build.0 = Debug|Win32
		{89C9CC61-F62F-4E2D-B718-BEB6D84ABAB2}.DLL ASM Release|Win32.ActiveCfg = Release|Win32
		{89C9CC61-F62F-4E2D-B718-BEB6D84ABAB2}.DLL ASM Release|Win32.Build.0 = Release|Win32
		{89C9CC61-F62F-4E2D-B718-BEB6D84ABAB2}.DLL Debug|Win32.ActiveCfg = Debug|Win32
		{89C9CC61-F62F-4E2D-B718-BEB6D84ABAB2}.DLL Debug|Win32.Build.0 = Debug|Win32
		{89C9CC61-F62F-4E2D-B718-BEB6D84ABAB2}.DLL Release|Win32.ActiveCfg = Release|Win32
		{89C9CC61-F62F-4E2D-B718-BEB6D84ABAB2}.DLL Release|Win32.Build.0 = Release|Win32
		{89C9CC61-F62F-4E2D-B718-BEB6D84ABAB2}.LIB ASM Debug|Win32.ActiveCfg = Debug|Win32
		{89C9CC61-F62F-4E2D-B718-BEB6D84ABAB2}.LIB ASM Debug|Win32.Build.0 = Debug|Win32
		{89C9CC61-F62F-4E2D-B718-BEB6D84ABAB2}.LIB ASM Release|Win32.ActiveCfg = Release|Win32
		{89C9CC61-F62F-4E2D-B718-BEB6D84ABAB2}.LIB ASM Release|Win32.Build.0 = Release|Win32
		{89C9CC61-F62F-4E2D-B718-BEB6D84ABAB2}.LIB Debug|Win32.ActiveCfg = Debug|Win32
		{89C9CC61-F62F-4E2D-B718-BEB6D84ABAB2}.LIB Debug|Win32.Build.0 = Debug|Win32
		{89C9CC61-F62F-4E2D-B718-BEB6D84ABAB2}.LIB Release|Win32.ActiveCfg = Release|Win32
		{89C9CC61-F62F-4E2D-B718-BEB6D84ABAB2}.LIB Release|Win32.Build.0 = Release|Win32
		{89C9CC61-F62F-4E2D-B718-BEB6D84ABAB2}.Release Multithreaded|Win32.ActiveCfg = Release|Win32
		{89C9CC61-F62F-4E2D-B718-BEB6D84ABAB2}.Release Multithreaded|Win32.Build.0 = Release|Win32
		{89C9CC61-F62F-4E2D-B718-BEB6D84ABAB2}.Release Singlethreaded|Win32.ActiveCfg = Release|Win32
		{89C9CC61-F62F-4E2D-B718-BEB6D84ABAB2}.Release Singlethreaded|Win32.Build.0 = Release|Win32
		{89C9CC61-F62F-4E2D-B718-BEB6D84ABAB2}.Release|Win32.ActiveCfg = Release|Win32
		{89C9CC61-F62F-4E2D-B718-BEB6D84ABAB2}.Release|Win32.Build.0 = Release|Win32
		{89C9CC61-F62F-4E2D-B718-BEB6D84ABAB2}.ReleaseWithoutAsm|Win32.ActiveCfg = Release|Win32
		{89C9CC61-F62F-4E2D-B718-BEB6D84ABAB2}.ReleaseWithoutAsm|Win32.Build.0 = Release|Win32
		{78B079BD-9FC7-4B9E-B4A6-96DA0F00248B}.Debug Multithreaded|Win32.ActiveCfg = Debug Multithreaded|Win32
		{78B079BD-9FC7-4B9E-B4A6-96DA0F00248B}.Debug Multithreaded|Win32.Build.0 = Debug Multithreaded|Win32
		{78B079BD-9FC7-4B9E-B4A6-96DA0F00248B}.Debug Singlethreaded|Win32.ActiveCfg = Debug Singlethreaded|Win32
		{78B079BD-9FC7-4B9E-B4A6-96DA0F00248B}.Debug Singlethreaded|Win32.Build.0 = Debug Singlethreaded|Win32
		{78B079BD-9FC7-4B9E-B4A6-96DA0F00248B}.Debug|Win32.ActiveCfg = Release|Win32
		{78B079BD-9FC7-4B9E-B4A6-96DA0F00248B}.Debug|Win32.Build.0 = Release|Win32
		{78B079BD-9FC7-4B9E-B4A6-96DA0F00248B}.DLL ASM Debug|Win32.ActiveCfg = Debug|Win32
		{78B079BD-9FC7-4B9E-B4A6-96DA0F00248B}.DLL ASM Debug|Win32.Build.0 = Debug|Win32
		{78B079BD-9FC7-4B9E-B4A6-96DA0F00248B}.DLL ASM Release|Win32.ActiveCfg = Release|Win32
		{78B079BD-9FC7-4B9E-B4A6-96DA0F00248B}.DLL ASM Release|Win32.Build.0 = Release|Win32
		{78B079BD-9FC7-4B9E-B4A6-96DA0F00248B}.DLL Debug|Win32.ActiveCfg = Debug|Win32
		{78B079BD-9FC7-4B9E-B4A6-96DA0F00248B}.DLL Debug|Win32.Build.0 = Debug|Win32
		{78B079BD-9FC7-4B9E-B4A6-96DA0F00248B}.DLL Release|Win32.ActiveCfg = Release|Win32
		{78B079BD-9FC7-4B9E-B4A6-96DA0F00248B}.DLL Release|Win32.Build.0 = Release|Win32
		{78B079BD-9FC7-4B9E-B4A6-96DA0F00248B}.LIB ASM Debug|Win32.ActiveCfg = Debug|Win32
		{78B079BD-9FC7-4B9E-B4A6-96DA0F00248B}.LIB ASM Debug|Win32.Build.0 = Debug|Win32
		{78B079BD-9FC7-4B9E-B4A6-96DA0F00248B}.LIB ASM Release|Win32.ActiveCfg = Release|Win32
		{78B079BD-9FC7-4B9E-B4A6-96DA0F00248B}.LIB ASM Release|Win32.Build.0 = Release|Win32
		{78B079BD-9FC7-4B9E-B4A6-96DA0F00248B}.LIB Debug|Win32.ActiveCfg = Debug|Win32
		{78B079BD-9FC7-4B9E-B4A6-96DA0F00248B}.LIB Debug|Win32.Build.0 = Debug|Win32
		{78B079BD-9FC7-4B9E-B4A6-96DA0F00248B}.LIB Release|Win32.ActiveCfg = Release|Win32
		{78B079BD-9FC7-4B9E-B4A6-96DA0F00248B}.LIB Release|Win32.Build.0 = Release|Win32
		{78B079BD-9FC7-4B9E-B4A6-96DA0F00248B}.Release Multithreaded|Win32.ActiveCfg = Release Multithreaded|Win32
		{78B079BD-9FC7-4B9E-B4A6-96DA0F00248B}.Release Multithreaded|Win32.Build.0 = Release Multithreaded|Win32
		{78B079BD-9FC7-4B9E-B4A6-96DA0F00248B}.Release Singlethreaded|Win32.ActiveCfg = Release Singlethreaded|Win32
		{78B079BD-9FC7-4B9E-B4A6-96DA0F00248B}.Release Singlethreaded|Win32.Build.0 = Release Singlethreaded|Win32
		{78B079BD-9FC7-4B9E-B4A6-96DA0F00248B}.Release|Win32.ActiveCfg = Release|Win32
		{78B079BD-9FC7-4B9E-B4A6-96DA0F00248B}.Release|Win32.Build.0 = Release|Win32
		{78B079BD-9FC7-4B9E-B4A6-96DA0F00248B}.ReleaseWithoutAsm|Win32.ActiveCfg = Release Singlethreaded|Win32
		{78B079BD-9FC7-4B9E-B4A6-96DA0F00248B}.ReleaseWithoutAsm|Win32.Build.0 = Release Singlethreaded|Win32
	EndGlobalSection
	GlobalSection(SolutionProperties) = preSolution
		HideSolutionNode = FALSE
	EndGlobalSection
EndGlobal
